PODS:
  - Alamofire (5.9.0)
  - APNGKit (2.3.0):
    - Delegate (~> 1.3)
  - Delegate (1.3.0)
  - ReachabilitySwift (5.2.3)

DEPENDENCIES:
  - Alamofire
  - APNGKit (~> 2.0)
  - ReachabilitySwift

SPEC REPOS:
  trunk:
    - Alamofire
    - APNGKit
    - Delegate
    - ReachabilitySwift

SPEC CHECKSUMS:
  Alamofire: 02b772c9910e8eba1a079227c32fbd9e46c90a24
  APNGKit: eb7e111277527cfd47636f797c9c8e7aab5d9601
  Delegate: 0ff4467868095239ff578ab531efd8af46e62881
  ReachabilitySwift: 7f151ff156cea1481a8411701195ac6a984f4979

PODFILE CHECKSUM: 1b0363bb05e2cefeaceca350fcac31c2a618ed25

COCOAPODS: 1.15.2
