// !$*UTF8*$!
{
	archiveVersion = 1;
	classes = {
	};
	objectVersion = 56;
	objects = {

/* Begin PBXBuildFile section */
		871931F42C157E1200E2086F /* SF-Pro-Display-Black.otf in Resources */ = {isa = PBXBuildFile; fileRef = 871931E12C157E1200E2086F /* SF-Pro-Display-Black.otf */; };
		871931F52C157E1200E2086F /* SF-Pro-Display-BlackItalic.otf in Resources */ = {isa = PBXBuildFile; fileRef = 871931E22C157E1200E2086F /* SF-Pro-Display-BlackItalic.otf */; };
		871931F62C157E1200E2086F /* SF-Pro-Display-Bold.otf in Resources */ = {isa = PBXBuildFile; fileRef = 871931E32C157E1200E2086F /* SF-Pro-Display-Bold.otf */; };
		871931F72C157E1200E2086F /* SF-Pro-Display-BoldItalic.otf in Resources */ = {isa = PBXBuildFile; fileRef = 871931E42C157E1200E2086F /* SF-Pro-Display-BoldItalic.otf */; };
		871931F82C157E1200E2086F /* SF-Pro-Display-Heavy.otf in Resources */ = {isa = PBXBuildFile; fileRef = 871931E52C157E1200E2086F /* SF-Pro-Display-Heavy.otf */; };
		871931F92C157E1200E2086F /* SF-Pro-Display-HeavyItalic.otf in Resources */ = {isa = PBXBuildFile; fileRef = 871931E62C157E1200E2086F /* SF-Pro-Display-HeavyItalic.otf */; };
		871931FA2C157E1200E2086F /* SF-Pro-Display-Light.otf in Resources */ = {isa = PBXBuildFile; fileRef = 871931E72C157E1200E2086F /* SF-Pro-Display-Light.otf */; };
		871931FB2C157E1200E2086F /* SF-Pro-Display-LightItalic.otf in Resources */ = {isa = PBXBuildFile; fileRef = 871931E82C157E1200E2086F /* SF-Pro-Display-LightItalic.otf */; };
		871931FC2C157E1200E2086F /* SF-Pro-Display-Medium.otf in Resources */ = {isa = PBXBuildFile; fileRef = 871931E92C157E1200E2086F /* SF-Pro-Display-Medium.otf */; };
		871931FD2C157E1200E2086F /* SF-Pro-Display-MediumItalic.otf in Resources */ = {isa = PBXBuildFile; fileRef = 871931EA2C157E1200E2086F /* SF-Pro-Display-MediumItalic.otf */; };
		871931FE2C157E1200E2086F /* SF-Pro-Display-Regular.otf in Resources */ = {isa = PBXBuildFile; fileRef = 871931EB2C157E1200E2086F /* SF-Pro-Display-Regular.otf */; };
		871931FF2C157E1200E2086F /* SF-Pro-Display-RegularItalic.otf in Resources */ = {isa = PBXBuildFile; fileRef = 871931EC2C157E1200E2086F /* SF-Pro-Display-RegularItalic.otf */; };
		871932002C157E1200E2086F /* SF-Pro-Display-Semibold.otf in Resources */ = {isa = PBXBuildFile; fileRef = 871931ED2C157E1200E2086F /* SF-Pro-Display-Semibold.otf */; };
		871932012C157E1200E2086F /* SF-Pro-Display-SemiboldItalic.otf in Resources */ = {isa = PBXBuildFile; fileRef = 871931EE2C157E1200E2086F /* SF-Pro-Display-SemiboldItalic.otf */; };
		871932022C157E1200E2086F /* SF-Pro-Display-Thin.otf in Resources */ = {isa = PBXBuildFile; fileRef = 871931EF2C157E1200E2086F /* SF-Pro-Display-Thin.otf */; };
		871932032C157E1200E2086F /* SF-Pro-Display-ThinItalic.otf in Resources */ = {isa = PBXBuildFile; fileRef = 871931F02C157E1200E2086F /* SF-Pro-Display-ThinItalic.otf */; };
		871932042C157E1200E2086F /* SF-Pro-Display-Ultralight.otf in Resources */ = {isa = PBXBuildFile; fileRef = 871931F12C157E1200E2086F /* SF-Pro-Display-Ultralight.otf */; };
		871932052C157E1200E2086F /* SF-Pro-Display-UltralightItalic.otf in Resources */ = {isa = PBXBuildFile; fileRef = 871931F22C157E1200E2086F /* SF-Pro-Display-UltralightItalic.otf */; };
		8733AD5A2C11D02D00635F2F /* PurchaseManager.swift in Sources */ = {isa = PBXBuildFile; fileRef = 8733AD592C11D02D00635F2F /* PurchaseManager.swift */; };
		8733AD5C2C11D32C00635F2F /* DownloadViewControllerV2.swift in Sources */ = {isa = PBXBuildFile; fileRef = 8733AD5B2C11D32C00635F2F /* DownloadViewControllerV2.swift */; };
		8744EE6E2C3E507B00D5B1C7 /* CropOverlayView.swift in Sources */ = {isa = PBXBuildFile; fileRef = 8744EE6D2C3E507B00D5B1C7 /* CropOverlayView.swift */; };
		874BC57B2C3A632F00AC8192 /* AspectCellV2.swift in Sources */ = {isa = PBXBuildFile; fileRef = 874BC5792C3A632F00AC8192 /* AspectCellV2.swift */; };
		874BC57C2C3A632F00AC8192 /* AspectCellV2.xib in Resources */ = {isa = PBXBuildFile; fileRef = 874BC57A2C3A632F00AC8192 /* AspectCellV2.xib */; };
		875349672C561B91009E6E65 /* AdLimitView.xib in Resources */ = {isa = PBXBuildFile; fileRef = 875349662C561B91009E6E65 /* AdLimitView.xib */; };
		875349692C561BA1009E6E65 /* AdLimitView.swift in Sources */ = {isa = PBXBuildFile; fileRef = 875349682C561BA1009E6E65 /* AdLimitView.swift */; };
		8753D89B2C5F6DD9002F557A /* CGPoint+Extensions.swift in Sources */ = {isa = PBXBuildFile; fileRef = 8753D89A2C5F6DD9002F557A /* CGPoint+Extensions.swift */; };
		87550CB12C464C0D002C2F74 /* Loading 2.png in Resources */ = {isa = PBXBuildFile; fileRef = 87550CB02C464C0D002C2F74 /* Loading 2.png */; };
		87597C582C3D0F1400ADB059 /* UIView+Extensions.swift in Sources */ = {isa = PBXBuildFile; fileRef = 87597C572C3D0F1400ADB059 /* UIView+Extensions.swift */; };
		8760BDC32C74A7DD007A0177 /* AppManager.swift in Sources */ = {isa = PBXBuildFile; fileRef = 8760BDC22C74A7DD007A0177 /* AppManager.swift */; };
		876548052C0DA047007676BB /* Constants.swift in Sources */ = {isa = PBXBuildFile; fileRef = 876548042C0DA047007676BB /* Constants.swift */; };
		876548072C0DDC31007676BB /* ADManager.swift in Sources */ = {isa = PBXBuildFile; fileRef = 876548062C0DDC31007676BB /* ADManager.swift */; };
		876548092C0DE89D007676BB /* ADLimitViewController.swift in Sources */ = {isa = PBXBuildFile; fileRef = 876548082C0DE89D007676BB /* ADLimitViewController.swift */; };
		8769E0AA2C44C12400F3FE9E /* AdPopupView.xib in Resources */ = {isa = PBXBuildFile; fileRef = 8769E0A92C44C12400F3FE9E /* AdPopupView.xib */; };
		8769E0AC2C44C1C300F3FE9E /* AdPopupView.swift in Sources */ = {isa = PBXBuildFile; fileRef = 8769E0AB2C44C1C300F3FE9E /* AdPopupView.swift */; };
		876B90632BFC8293000679BF /* AppCell.xib in Resources */ = {isa = PBXBuildFile; fileRef = 876B90622BFC8293000679BF /* AppCell.xib */; };
		876B90642BFC8293000679BF /* AppCell.swift in Sources */ = {isa = PBXBuildFile; fileRef = 876B90612BFC8293000679BF /* AppCell.swift */; };
		876B90662BFCA6C5000679BF /* ProgessViewController.swift in Sources */ = {isa = PBXBuildFile; fileRef = 876B90652BFCA6C5000679BF /* ProgessViewController.swift */; };
		876C91FB2C35111A003A360C /* ExpandViewControllerV2.swift in Sources */ = {isa = PBXBuildFile; fileRef = 876C91FA2C35111A003A360C /* ExpandViewControllerV2.swift */; };
		876C92012C351D4B003A360C /* DownloadCellV2.swift in Sources */ = {isa = PBXBuildFile; fileRef = 876C91FF2C351D4B003A360C /* DownloadCellV2.swift */; };
		876C92022C351D4B003A360C /* DownloadCellV2.xib in Resources */ = {isa = PBXBuildFile; fileRef = 876C92002C351D4B003A360C /* DownloadCellV2.xib */; };
		876FE2E92BF9FC5C006AFFC7 /* AppDelegate.swift in Sources */ = {isa = PBXBuildFile; fileRef = 876FE2E82BF9FC5C006AFFC7 /* AppDelegate.swift */; };
		876FE2EB2BF9FC5C006AFFC7 /* SceneDelegate.swift in Sources */ = {isa = PBXBuildFile; fileRef = 876FE2EA2BF9FC5C006AFFC7 /* SceneDelegate.swift */; };
		876FE2ED2BF9FC5C006AFFC7 /* PickerViewController.swift in Sources */ = {isa = PBXBuildFile; fileRef = 876FE2EC2BF9FC5C006AFFC7 /* PickerViewController.swift */; };
		876FE2F02BF9FC5C006AFFC7 /* Base in Resources */ = {isa = PBXBuildFile; fileRef = 876FE2EF2BF9FC5C006AFFC7 /* Base */; };
		876FE2F22BF9FC5D006AFFC7 /* Assets.xcassets in Resources */ = {isa = PBXBuildFile; fileRef = 876FE2F12BF9FC5D006AFFC7 /* Assets.xcassets */; };
		876FE2F52BF9FC5D006AFFC7 /* Base in Resources */ = {isa = PBXBuildFile; fileRef = 876FE2F42BF9FC5D006AFFC7 /* Base */; };
		876FE2FF2BFA16D3006AFFC7 /* APIManager.swift in Sources */ = {isa = PBXBuildFile; fileRef = 876FE2FE2BFA16D3006AFFC7 /* APIManager.swift */; };
		876FE3072BFB2A83006AFFC7 /* UIImage+Extensions.swift in Sources */ = {isa = PBXBuildFile; fileRef = 876FE3062BFB2A83006AFFC7 /* UIImage+Extensions.swift */; };
		876FE3092BFB2B19006AFFC7 /* NSLayoutConstraint+Extensions.swift in Sources */ = {isa = PBXBuildFile; fileRef = 876FE3082BFB2B19006AFFC7 /* NSLayoutConstraint+Extensions.swift */; };
		876FE30B2BFB2B42006AFFC7 /* UIViewController+Extensions.swift in Sources */ = {isa = PBXBuildFile; fileRef = 876FE30A2BFB2B42006AFFC7 /* UIViewController+Extensions.swift */; };
		876FE30F2BFB5017006AFFC7 /* DataManager.swift in Sources */ = {isa = PBXBuildFile; fileRef = 876FE30E2BFB5017006AFFC7 /* DataManager.swift */; };
		876FE3112BFB515E006AFFC7 /* AiExpandV2Datasource.plist in Resources */ = {isa = PBXBuildFile; fileRef = 876FE3102BFB515E006AFFC7 /* AiExpandV2Datasource.plist */; };
		876FE3202BFB7930006AFFC7 /* DataModels.swift in Sources */ = {isa = PBXBuildFile; fileRef = 876FE31F2BFB7930006AFFC7 /* DataModels.swift */; };
		877934552C084EB800FE0073 /* Enums.swift in Sources */ = {isa = PBXBuildFile; fileRef = 877934542C084EB800FE0073 /* Enums.swift */; };
		877934572C08806800FE0073 /* EditViewController.swift in Sources */ = {isa = PBXBuildFile; fileRef = 877934562C08806800FE0073 /* EditViewController.swift */; };
		877934592C08885100FE0073 /* ADViewController.swift in Sources */ = {isa = PBXBuildFile; fileRef = 877934582C08885100FE0073 /* ADViewController.swift */; };
		8779345B2C0C531F00FE0073 /* PurchaseViewController.swift in Sources */ = {isa = PBXBuildFile; fileRef = 8779345A2C0C531F00FE0073 /* PurchaseViewController.swift */; };
		877D96E42C3BD77B004239ED /* DocumentDirectory.swift in Sources */ = {isa = PBXBuildFile; fileRef = 877D96E32C3BD77B004239ED /* DocumentDirectory.swift */; };
		87D8F5942C35578B00387DE4 /* Loading 1.png in Resources */ = {isa = PBXBuildFile; fileRef = 87D8F5932C35578B00387DE4 /* Loading 1.png */; };
		87F839B32C11E2690067F9DA /* purchaseVideo.mp4 in Resources */ = {isa = PBXBuildFile; fileRef = 87F839B22C11E2690067F9DA /* purchaseVideo.mp4 */; };
		F32B1DB31CFBBB77F476E034 /* Pods_Image_Picker.framework in Frameworks */ = {isa = PBXBuildFile; fileRef = 692199D58F1E3EBE79D1EF40 /* Pods_Image_Picker.framework */; };
/* End PBXBuildFile section */

/* Begin PBXFileReference section */
		2836736648C2115CB9952012 /* Pods-Image Picker.release.xcconfig */ = {isa = PBXFileReference; includeInIndex = 1; lastKnownFileType = text.xcconfig; name = "Pods-Image Picker.release.xcconfig"; path = "Target Support Files/Pods-Image Picker/Pods-Image Picker.release.xcconfig"; sourceTree = "<group>"; };
		692199D58F1E3EBE79D1EF40 /* Pods_Image_Picker.framework */ = {isa = PBXFileReference; explicitFileType = wrapper.framework; includeInIndex = 0; path = Pods_Image_Picker.framework; sourceTree = BUILT_PRODUCTS_DIR; };
		871931E12C157E1200E2086F /* SF-Pro-Display-Black.otf */ = {isa = PBXFileReference; lastKnownFileType = file; path = "SF-Pro-Display-Black.otf"; sourceTree = "<group>"; };
		871931E22C157E1200E2086F /* SF-Pro-Display-BlackItalic.otf */ = {isa = PBXFileReference; lastKnownFileType = file; path = "SF-Pro-Display-BlackItalic.otf"; sourceTree = "<group>"; };
		871931E32C157E1200E2086F /* SF-Pro-Display-Bold.otf */ = {isa = PBXFileReference; lastKnownFileType = file; path = "SF-Pro-Display-Bold.otf"; sourceTree = "<group>"; };
		871931E42C157E1200E2086F /* SF-Pro-Display-BoldItalic.otf */ = {isa = PBXFileReference; lastKnownFileType = file; path = "SF-Pro-Display-BoldItalic.otf"; sourceTree = "<group>"; };
		871931E52C157E1200E2086F /* SF-Pro-Display-Heavy.otf */ = {isa = PBXFileReference; lastKnownFileType = file; path = "SF-Pro-Display-Heavy.otf"; sourceTree = "<group>"; };
		871931E62C157E1200E2086F /* SF-Pro-Display-HeavyItalic.otf */ = {isa = PBXFileReference; lastKnownFileType = file; path = "SF-Pro-Display-HeavyItalic.otf"; sourceTree = "<group>"; };
		871931E72C157E1200E2086F /* SF-Pro-Display-Light.otf */ = {isa = PBXFileReference; lastKnownFileType = file; path = "SF-Pro-Display-Light.otf"; sourceTree = "<group>"; };
		871931E82C157E1200E2086F /* SF-Pro-Display-LightItalic.otf */ = {isa = PBXFileReference; lastKnownFileType = file; path = "SF-Pro-Display-LightItalic.otf"; sourceTree = "<group>"; };
		871931E92C157E1200E2086F /* SF-Pro-Display-Medium.otf */ = {isa = PBXFileReference; lastKnownFileType = file; path = "SF-Pro-Display-Medium.otf"; sourceTree = "<group>"; };
		871931EA2C157E1200E2086F /* SF-Pro-Display-MediumItalic.otf */ = {isa = PBXFileReference; lastKnownFileType = file; path = "SF-Pro-Display-MediumItalic.otf"; sourceTree = "<group>"; };
		871931EB2C157E1200E2086F /* SF-Pro-Display-Regular.otf */ = {isa = PBXFileReference; lastKnownFileType = file; path = "SF-Pro-Display-Regular.otf"; sourceTree = "<group>"; };
		871931EC2C157E1200E2086F /* SF-Pro-Display-RegularItalic.otf */ = {isa = PBXFileReference; lastKnownFileType = file; path = "SF-Pro-Display-RegularItalic.otf"; sourceTree = "<group>"; };
		871931ED2C157E1200E2086F /* SF-Pro-Display-Semibold.otf */ = {isa = PBXFileReference; lastKnownFileType = file; path = "SF-Pro-Display-Semibold.otf"; sourceTree = "<group>"; };
		871931EE2C157E1200E2086F /* SF-Pro-Display-SemiboldItalic.otf */ = {isa = PBXFileReference; lastKnownFileType = file; path = "SF-Pro-Display-SemiboldItalic.otf"; sourceTree = "<group>"; };
		871931EF2C157E1200E2086F /* SF-Pro-Display-Thin.otf */ = {isa = PBXFileReference; lastKnownFileType = file; path = "SF-Pro-Display-Thin.otf"; sourceTree = "<group>"; };
		871931F02C157E1200E2086F /* SF-Pro-Display-ThinItalic.otf */ = {isa = PBXFileReference; lastKnownFileType = file; path = "SF-Pro-Display-ThinItalic.otf"; sourceTree = "<group>"; };
		871931F12C157E1200E2086F /* SF-Pro-Display-Ultralight.otf */ = {isa = PBXFileReference; lastKnownFileType = file; path = "SF-Pro-Display-Ultralight.otf"; sourceTree = "<group>"; };
		871931F22C157E1200E2086F /* SF-Pro-Display-UltralightItalic.otf */ = {isa = PBXFileReference; lastKnownFileType = file; path = "SF-Pro-Display-UltralightItalic.otf"; sourceTree = "<group>"; };
		8733AD592C11D02D00635F2F /* PurchaseManager.swift */ = {isa = PBXFileReference; fileEncoding = 4; lastKnownFileType = sourcecode.swift; path = PurchaseManager.swift; sourceTree = "<group>"; };
		8733AD5B2C11D32C00635F2F /* DownloadViewControllerV2.swift */ = {isa = PBXFileReference; lastKnownFileType = sourcecode.swift; path = DownloadViewControllerV2.swift; sourceTree = "<group>"; };
		8744EE6D2C3E507B00D5B1C7 /* CropOverlayView.swift */ = {isa = PBXFileReference; lastKnownFileType = sourcecode.swift; path = CropOverlayView.swift; sourceTree = "<group>"; };
		874BC5792C3A632F00AC8192 /* AspectCellV2.swift */ = {isa = PBXFileReference; lastKnownFileType = sourcecode.swift; path = AspectCellV2.swift; sourceTree = "<group>"; };
		874BC57A2C3A632F00AC8192 /* AspectCellV2.xib */ = {isa = PBXFileReference; lastKnownFileType = file.xib; path = AspectCellV2.xib; sourceTree = "<group>"; };
		875349662C561B91009E6E65 /* AdLimitView.xib */ = {isa = PBXFileReference; lastKnownFileType = file.xib; path = AdLimitView.xib; sourceTree = "<group>"; };
		875349682C561BA1009E6E65 /* AdLimitView.swift */ = {isa = PBXFileReference; lastKnownFileType = sourcecode.swift; path = AdLimitView.swift; sourceTree = "<group>"; };
		8753D89A2C5F6DD9002F557A /* CGPoint+Extensions.swift */ = {isa = PBXFileReference; lastKnownFileType = sourcecode.swift; path = "CGPoint+Extensions.swift"; sourceTree = "<group>"; };
		87550CB02C464C0D002C2F74 /* Loading 2.png */ = {isa = PBXFileReference; lastKnownFileType = image.png; path = "Loading 2.png"; sourceTree = "<group>"; };
		87597C572C3D0F1400ADB059 /* UIView+Extensions.swift */ = {isa = PBXFileReference; lastKnownFileType = sourcecode.swift; path = "UIView+Extensions.swift"; sourceTree = "<group>"; };
		8760BDC22C74A7DD007A0177 /* AppManager.swift */ = {isa = PBXFileReference; lastKnownFileType = sourcecode.swift; path = AppManager.swift; sourceTree = "<group>"; };
		876548042C0DA047007676BB /* Constants.swift */ = {isa = PBXFileReference; lastKnownFileType = sourcecode.swift; path = Constants.swift; sourceTree = "<group>"; };
		876548062C0DDC31007676BB /* ADManager.swift */ = {isa = PBXFileReference; lastKnownFileType = sourcecode.swift; path = ADManager.swift; sourceTree = "<group>"; };
		876548082C0DE89D007676BB /* ADLimitViewController.swift */ = {isa = PBXFileReference; lastKnownFileType = sourcecode.swift; path = ADLimitViewController.swift; sourceTree = "<group>"; };
		8769E0A92C44C12400F3FE9E /* AdPopupView.xib */ = {isa = PBXFileReference; lastKnownFileType = file.xib; path = AdPopupView.xib; sourceTree = "<group>"; };
		8769E0AB2C44C1C300F3FE9E /* AdPopupView.swift */ = {isa = PBXFileReference; lastKnownFileType = sourcecode.swift; path = AdPopupView.swift; sourceTree = "<group>"; };
		876B90612BFC8293000679BF /* AppCell.swift */ = {isa = PBXFileReference; lastKnownFileType = sourcecode.swift; path = AppCell.swift; sourceTree = "<group>"; };
		876B90622BFC8293000679BF /* AppCell.xib */ = {isa = PBXFileReference; lastKnownFileType = file.xib; path = AppCell.xib; sourceTree = "<group>"; };
		876B90652BFCA6C5000679BF /* ProgessViewController.swift */ = {isa = PBXFileReference; lastKnownFileType = sourcecode.swift; path = ProgessViewController.swift; sourceTree = "<group>"; };
		876C91FA2C35111A003A360C /* ExpandViewControllerV2.swift */ = {isa = PBXFileReference; lastKnownFileType = sourcecode.swift; path = ExpandViewControllerV2.swift; sourceTree = "<group>"; };
		876C91FF2C351D4B003A360C /* DownloadCellV2.swift */ = {isa = PBXFileReference; lastKnownFileType = sourcecode.swift; path = DownloadCellV2.swift; sourceTree = "<group>"; };
		876C92002C351D4B003A360C /* DownloadCellV2.xib */ = {isa = PBXFileReference; lastKnownFileType = file.xib; path = DownloadCellV2.xib; sourceTree = "<group>"; };
		876FE2E52BF9FC5C006AFFC7 /* Image Picker.app */ = {isa = PBXFileReference; explicitFileType = wrapper.application; includeInIndex = 0; path = "Image Picker.app"; sourceTree = BUILT_PRODUCTS_DIR; };
		876FE2E82BF9FC5C006AFFC7 /* AppDelegate.swift */ = {isa = PBXFileReference; lastKnownFileType = sourcecode.swift; path = AppDelegate.swift; sourceTree = "<group>"; };
		876FE2EA2BF9FC5C006AFFC7 /* SceneDelegate.swift */ = {isa = PBXFileReference; lastKnownFileType = sourcecode.swift; path = SceneDelegate.swift; sourceTree = "<group>"; };
		876FE2EC2BF9FC5C006AFFC7 /* PickerViewController.swift */ = {isa = PBXFileReference; lastKnownFileType = sourcecode.swift; path = PickerViewController.swift; sourceTree = "<group>"; };
		876FE2EF2BF9FC5C006AFFC7 /* Base */ = {isa = PBXFileReference; lastKnownFileType = file.storyboard; name = Base; path = Base.lproj/AiExpandV2.storyboard; sourceTree = "<group>"; };
		876FE2F12BF9FC5D006AFFC7 /* Assets.xcassets */ = {isa = PBXFileReference; lastKnownFileType = folder.assetcatalog; path = Assets.xcassets; sourceTree = "<group>"; };
		876FE2F42BF9FC5D006AFFC7 /* Base */ = {isa = PBXFileReference; lastKnownFileType = file.storyboard; name = Base; path = Base.lproj/LaunchScreen.storyboard; sourceTree = "<group>"; };
		876FE2F62BF9FC5D006AFFC7 /* Info.plist */ = {isa = PBXFileReference; lastKnownFileType = text.plist.xml; path = Info.plist; sourceTree = "<group>"; };
		876FE2FE2BFA16D3006AFFC7 /* APIManager.swift */ = {isa = PBXFileReference; lastKnownFileType = sourcecode.swift; path = APIManager.swift; sourceTree = "<group>"; };
		876FE3062BFB2A83006AFFC7 /* UIImage+Extensions.swift */ = {isa = PBXFileReference; lastKnownFileType = sourcecode.swift; path = "UIImage+Extensions.swift"; sourceTree = "<group>"; };
		876FE3082BFB2B19006AFFC7 /* NSLayoutConstraint+Extensions.swift */ = {isa = PBXFileReference; lastKnownFileType = sourcecode.swift; path = "NSLayoutConstraint+Extensions.swift"; sourceTree = "<group>"; };
		876FE30A2BFB2B42006AFFC7 /* UIViewController+Extensions.swift */ = {isa = PBXFileReference; lastKnownFileType = sourcecode.swift; path = "UIViewController+Extensions.swift"; sourceTree = "<group>"; };
		876FE30E2BFB5017006AFFC7 /* DataManager.swift */ = {isa = PBXFileReference; lastKnownFileType = sourcecode.swift; path = DataManager.swift; sourceTree = "<group>"; };
		876FE3102BFB515E006AFFC7 /* AiExpandV2Datasource.plist */ = {isa = PBXFileReference; lastKnownFileType = text.plist.xml; path = AiExpandV2Datasource.plist; sourceTree = "<group>"; };
		876FE31F2BFB7930006AFFC7 /* DataModels.swift */ = {isa = PBXFileReference; lastKnownFileType = sourcecode.swift; path = DataModels.swift; sourceTree = "<group>"; };
		877934542C084EB800FE0073 /* Enums.swift */ = {isa = PBXFileReference; lastKnownFileType = sourcecode.swift; path = Enums.swift; sourceTree = "<group>"; };
		877934562C08806800FE0073 /* EditViewController.swift */ = {isa = PBXFileReference; lastKnownFileType = sourcecode.swift; path = EditViewController.swift; sourceTree = "<group>"; };
		877934582C08885100FE0073 /* ADViewController.swift */ = {isa = PBXFileReference; lastKnownFileType = sourcecode.swift; path = ADViewController.swift; sourceTree = "<group>"; };
		8779345A2C0C531F00FE0073 /* PurchaseViewController.swift */ = {isa = PBXFileReference; lastKnownFileType = sourcecode.swift; path = PurchaseViewController.swift; sourceTree = "<group>"; };
		877D96E32C3BD77B004239ED /* DocumentDirectory.swift */ = {isa = PBXFileReference; lastKnownFileType = sourcecode.swift; path = DocumentDirectory.swift; sourceTree = "<group>"; };
		87D8F5932C35578B00387DE4 /* Loading 1.png */ = {isa = PBXFileReference; lastKnownFileType = image.png; path = "Loading 1.png"; sourceTree = "<group>"; };
		87F839B22C11E2690067F9DA /* purchaseVideo.mp4 */ = {isa = PBXFileReference; lastKnownFileType = file; path = purchaseVideo.mp4; sourceTree = "<group>"; };
		A98648231F151EB73ACD9ED9 /* Pods-Image Picker.debug.xcconfig */ = {isa = PBXFileReference; includeInIndex = 1; lastKnownFileType = text.xcconfig; name = "Pods-Image Picker.debug.xcconfig"; path = "Target Support Files/Pods-Image Picker/Pods-Image Picker.debug.xcconfig"; sourceTree = "<group>"; };
/* End PBXFileReference section */

/* Begin PBXFrameworksBuildPhase section */
		876FE2E22BF9FC5C006AFFC7 /* Frameworks */ = {
			isa = PBXFrameworksBuildPhase;
			buildActionMask = 2147483647;
			files = (
				F32B1DB31CFBBB77F476E034 /* Pods_Image_Picker.framework in Frameworks */,
			);
			runOnlyForDeploymentPostprocessing = 0;
		};
/* End PBXFrameworksBuildPhase section */

/* Begin PBXGroup section */
		1432BEBB781F08B795AB27C4 /* Pods */ = {
			isa = PBXGroup;
			children = (
				A98648231F151EB73ACD9ED9 /* Pods-Image Picker.debug.xcconfig */,
				2836736648C2115CB9952012 /* Pods-Image Picker.release.xcconfig */,
			);
			path = Pods;
			sourceTree = "<group>";
		};
		871931F32C157E1200E2086F /* Fonts */ = {
			isa = PBXGroup;
			children = (
				871931E12C157E1200E2086F /* SF-Pro-Display-Black.otf */,
				871931E22C157E1200E2086F /* SF-Pro-Display-BlackItalic.otf */,
				871931E32C157E1200E2086F /* SF-Pro-Display-Bold.otf */,
				871931E42C157E1200E2086F /* SF-Pro-Display-BoldItalic.otf */,
				871931E52C157E1200E2086F /* SF-Pro-Display-Heavy.otf */,
				871931E62C157E1200E2086F /* SF-Pro-Display-HeavyItalic.otf */,
				871931E72C157E1200E2086F /* SF-Pro-Display-Light.otf */,
				871931E82C157E1200E2086F /* SF-Pro-Display-LightItalic.otf */,
				871931E92C157E1200E2086F /* SF-Pro-Display-Medium.otf */,
				871931EA2C157E1200E2086F /* SF-Pro-Display-MediumItalic.otf */,
				871931EB2C157E1200E2086F /* SF-Pro-Display-Regular.otf */,
				871931EC2C157E1200E2086F /* SF-Pro-Display-RegularItalic.otf */,
				871931ED2C157E1200E2086F /* SF-Pro-Display-Semibold.otf */,
				871931EE2C157E1200E2086F /* SF-Pro-Display-SemiboldItalic.otf */,
				871931EF2C157E1200E2086F /* SF-Pro-Display-Thin.otf */,
				871931F02C157E1200E2086F /* SF-Pro-Display-ThinItalic.otf */,
				871931F12C157E1200E2086F /* SF-Pro-Display-Ultralight.otf */,
				871931F22C157E1200E2086F /* SF-Pro-Display-UltralightItalic.otf */,
			);
			path = Fonts;
			sourceTree = "<group>";
		};
		876C91FC2C3516A1003A360C /* Utility */ = {
			isa = PBXGroup;
			children = (
				877D96E32C3BD77B004239ED /* DocumentDirectory.swift */,
				8744EE6D2C3E507B00D5B1C7 /* CropOverlayView.swift */,
			);
			path = Utility;
			sourceTree = "<group>";
		};
		876FE2DC2BF9FC5C006AFFC7 = {
			isa = PBXGroup;
			children = (
				876FE2E72BF9FC5C006AFFC7 /* Image Picker */,
				876FE2E62BF9FC5C006AFFC7 /* Products */,
				1432BEBB781F08B795AB27C4 /* Pods */,
				C2437C6FF792729D36E867A9 /* Frameworks */,
			);
			sourceTree = "<group>";
		};
		876FE2E62BF9FC5C006AFFC7 /* Products */ = {
			isa = PBXGroup;
			children = (
				876FE2E52BF9FC5C006AFFC7 /* Image Picker.app */,
			);
			name = Products;
			sourceTree = "<group>";
		};
		876FE2E72BF9FC5C006AFFC7 /* Image Picker */ = {
			isa = PBXGroup;
			children = (
				877658BC2C8430AF0013C16B /* AiExpandV2 */,
				876FE2E82BF9FC5C006AFFC7 /* AppDelegate.swift */,
				876FE2EA2BF9FC5C006AFFC7 /* SceneDelegate.swift */,
				876FE3032BFB29E1006AFFC7 /* Resources */,
				876FE2F32BF9FC5D006AFFC7 /* LaunchScreen.storyboard */,
				876FE2F62BF9FC5D006AFFC7 /* Info.plist */,
			);
			path = "Image Picker";
			sourceTree = "<group>";
		};
		876FE3022BFB29D1006AFFC7 /* Controllers */ = {
			isa = PBXGroup;
			children = (
				876FE2EC2BF9FC5C006AFFC7 /* PickerViewController.swift */,
				876C91FA2C35111A003A360C /* ExpandViewControllerV2.swift */,
				876B90652BFCA6C5000679BF /* ProgessViewController.swift */,
				8779345A2C0C531F00FE0073 /* PurchaseViewController.swift */,
				877934582C08885100FE0073 /* ADViewController.swift */,
				876548082C0DE89D007676BB /* ADLimitViewController.swift */,
				8733AD5B2C11D32C00635F2F /* DownloadViewControllerV2.swift */,
				877934562C08806800FE0073 /* EditViewController.swift */,
			);
			path = Controllers;
			sourceTree = "<group>";
		};
		876FE3032BFB29E1006AFFC7 /* Resources */ = {
			isa = PBXGroup;
			children = (
				871931F32C157E1200E2086F /* Fonts */,
				87F839B12C11E25A0067F9DA /* Videos */,
				87D8F5932C35578B00387DE4 /* Loading 1.png */,
				87550CB02C464C0D002C2F74 /* Loading 2.png */,
			);
			path = Resources;
			sourceTree = "<group>";
		};
		876FE3042BFB2A0B006AFFC7 /* Data */ = {
			isa = PBXGroup;
			children = (
				8760BDC22C74A7DD007A0177 /* AppManager.swift */,
				876FE2FE2BFA16D3006AFFC7 /* APIManager.swift */,
				876548062C0DDC31007676BB /* ADManager.swift */,
				8733AD592C11D02D00635F2F /* PurchaseManager.swift */,
				876FE30E2BFB5017006AFFC7 /* DataManager.swift */,
				876FE3102BFB515E006AFFC7 /* AiExpandV2Datasource.plist */,
			);
			path = Data;
			sourceTree = "<group>";
		};
		876FE3052BFB2A4B006AFFC7 /* Extensions */ = {
			isa = PBXGroup;
			children = (
				876FE3062BFB2A83006AFFC7 /* UIImage+Extensions.swift */,
				876FE3082BFB2B19006AFFC7 /* NSLayoutConstraint+Extensions.swift */,
				876FE30A2BFB2B42006AFFC7 /* UIViewController+Extensions.swift */,
				87597C572C3D0F1400ADB059 /* UIView+Extensions.swift */,
				8753D89A2C5F6DD9002F557A /* CGPoint+Extensions.swift */,
			);
			path = Extensions;
			sourceTree = "<group>";
		};
		876FE3122BFB5907006AFFC7 /* Views */ = {
			isa = PBXGroup;
			children = (
				876FE3132BFB5919006AFFC7 /* Cells */,
				8769E0A92C44C12400F3FE9E /* AdPopupView.xib */,
				8769E0AB2C44C1C300F3FE9E /* AdPopupView.swift */,
				875349662C561B91009E6E65 /* AdLimitView.xib */,
				875349682C561BA1009E6E65 /* AdLimitView.swift */,
			);
			path = Views;
			sourceTree = "<group>";
		};
		876FE3132BFB5919006AFFC7 /* Cells */ = {
			isa = PBXGroup;
			children = (
				874BC5792C3A632F00AC8192 /* AspectCellV2.swift */,
				874BC57A2C3A632F00AC8192 /* AspectCellV2.xib */,
				876B90612BFC8293000679BF /* AppCell.swift */,
				876B90622BFC8293000679BF /* AppCell.xib */,
				876C91FF2C351D4B003A360C /* DownloadCellV2.swift */,
				876C92002C351D4B003A360C /* DownloadCellV2.xib */,
			);
			path = Cells;
			sourceTree = "<group>";
		};
		876FE31E2BFB791E006AFFC7 /* Models */ = {
			isa = PBXGroup;
			children = (
				876FE31F2BFB7930006AFFC7 /* DataModels.swift */,
				877934542C084EB800FE0073 /* Enums.swift */,
				876548042C0DA047007676BB /* Constants.swift */,
			);
			path = Models;
			sourceTree = "<group>";
		};
		877658BC2C8430AF0013C16B /* AiExpandV2 */ = {
			isa = PBXGroup;
			children = (
				876FE3042BFB2A0B006AFFC7 /* Data */,
				876FE31E2BFB791E006AFFC7 /* Models */,
				876FE3122BFB5907006AFFC7 /* Views */,
				876FE3022BFB29D1006AFFC7 /* Controllers */,
				877658BD2C84315A0013C16B /* Storyboard */,
				876C91FC2C3516A1003A360C /* Utility */,
				876FE3052BFB2A4B006AFFC7 /* Extensions */,
				877658BE2C8433530013C16B /* Assets */,
			);
			path = AiExpandV2;
			sourceTree = "<group>";
		};
		877658BD2C84315A0013C16B /* Storyboard */ = {
			isa = PBXGroup;
			children = (
				876FE2EE2BF9FC5C006AFFC7 /* AiExpandV2.storyboard */,
			);
			path = Storyboard;
			sourceTree = "<group>";
		};
		877658BE2C8433530013C16B /* Assets */ = {
			isa = PBXGroup;
			children = (
				876FE2F12BF9FC5D006AFFC7 /* Assets.xcassets */,
			);
			path = Assets;
			sourceTree = "<group>";
		};
		87F839B12C11E25A0067F9DA /* Videos */ = {
			isa = PBXGroup;
			children = (
				87F839B22C11E2690067F9DA /* purchaseVideo.mp4 */,
			);
			path = Videos;
			sourceTree = "<group>";
		};
		C2437C6FF792729D36E867A9 /* Frameworks */ = {
			isa = PBXGroup;
			children = (
				692199D58F1E3EBE79D1EF40 /* Pods_Image_Picker.framework */,
			);
			name = Frameworks;
			sourceTree = "<group>";
		};
/* End PBXGroup section */

/* Begin PBXNativeTarget section */
		876FE2E42BF9FC5C006AFFC7 /* Image Picker */ = {
			isa = PBXNativeTarget;
			buildConfigurationList = 876FE2F92BF9FC5D006AFFC7 /* Build configuration list for PBXNativeTarget "Image Picker" */;
			buildPhases = (
				75B0CD924A9F8DAC075001C0 /* [CP] Check Pods Manifest.lock */,
				876FE2E12BF9FC5C006AFFC7 /* Sources */,
				876FE2E22BF9FC5C006AFFC7 /* Frameworks */,
				876FE2E32BF9FC5C006AFFC7 /* Resources */,
				4D6CB340D7171B2B5A6873BF /* [CP] Embed Pods Frameworks */,
			);
			buildRules = (
			);
			dependencies = (
			);
			name = "Image Picker";
			productName = "Image Picker";
			productReference = 876FE2E52BF9FC5C006AFFC7 /* Image Picker.app */;
			productType = "com.apple.product-type.application";
		};
/* End PBXNativeTarget section */

/* Begin PBXProject section */
		876FE2DD2BF9FC5C006AFFC7 /* Project object */ = {
			isa = PBXProject;
			attributes = {
				BuildIndependentTargetsInParallel = 1;
				LastSwiftUpdateCheck = 1530;
				LastUpgradeCheck = 1530;
				TargetAttributes = {
					876FE2E42BF9FC5C006AFFC7 = {
						CreatedOnToolsVersion = 15.3;
					};
				};
			};
			buildConfigurationList = 876FE2E02BF9FC5C006AFFC7 /* Build configuration list for PBXProject "Image Picker" */;
			compatibilityVersion = "Xcode 14.0";
			developmentRegion = en;
			hasScannedForEncodings = 0;
			knownRegions = (
				en,
				Base,
			);
			mainGroup = 876FE2DC2BF9FC5C006AFFC7;
			productRefGroup = 876FE2E62BF9FC5C006AFFC7 /* Products */;
			projectDirPath = "";
			projectRoot = "";
			targets = (
				876FE2E42BF9FC5C006AFFC7 /* Image Picker */,
			);
		};
/* End PBXProject section */

/* Begin PBXResourcesBuildPhase section */
		876FE2E32BF9FC5C006AFFC7 /* Resources */ = {
			isa = PBXResourcesBuildPhase;
			buildActionMask = 2147483647;
			files = (
				871932002C157E1200E2086F /* SF-Pro-Display-Semibold.otf in Resources */,
				87D8F5942C35578B00387DE4 /* Loading 1.png in Resources */,
				871931F72C157E1200E2086F /* SF-Pro-Display-BoldItalic.otf in Resources */,
				871932022C157E1200E2086F /* SF-Pro-Display-Thin.otf in Resources */,
				871932012C157E1200E2086F /* SF-Pro-Display-SemiboldItalic.otf in Resources */,
				871932042C157E1200E2086F /* SF-Pro-Display-Ultralight.otf in Resources */,
				871932052C157E1200E2086F /* SF-Pro-Display-UltralightItalic.otf in Resources */,
				871931F42C157E1200E2086F /* SF-Pro-Display-Black.otf in Resources */,
				871931FD2C157E1200E2086F /* SF-Pro-Display-MediumItalic.otf in Resources */,
				871931FE2C157E1200E2086F /* SF-Pro-Display-Regular.otf in Resources */,
				876FE2F22BF9FC5D006AFFC7 /* Assets.xcassets in Resources */,
				871932032C157E1200E2086F /* SF-Pro-Display-ThinItalic.otf in Resources */,
				871931FA2C157E1200E2086F /* SF-Pro-Display-Light.otf in Resources */,
				876FE2F52BF9FC5D006AFFC7 /* Base in Resources */,
				87550CB12C464C0D002C2F74 /* Loading 2.png in Resources */,
				876B90632BFC8293000679BF /* AppCell.xib in Resources */,
				871931F92C157E1200E2086F /* SF-Pro-Display-HeavyItalic.otf in Resources */,
				876C92022C351D4B003A360C /* DownloadCellV2.xib in Resources */,
				876FE3112BFB515E006AFFC7 /* AiExpandV2Datasource.plist in Resources */,
				871931F62C157E1200E2086F /* SF-Pro-Display-Bold.otf in Resources */,
				876FE2F02BF9FC5C006AFFC7 /* Base in Resources */,
				87F839B32C11E2690067F9DA /* purchaseVideo.mp4 in Resources */,
				874BC57C2C3A632F00AC8192 /* AspectCellV2.xib in Resources */,
				871931F52C157E1200E2086F /* SF-Pro-Display-BlackItalic.otf in Resources */,
				871931F82C157E1200E2086F /* SF-Pro-Display-Heavy.otf in Resources */,
				871931FB2C157E1200E2086F /* SF-Pro-Display-LightItalic.otf in Resources */,
				871931FF2C157E1200E2086F /* SF-Pro-Display-RegularItalic.otf in Resources */,
				871931FC2C157E1200E2086F /* SF-Pro-Display-Medium.otf in Resources */,
				8769E0AA2C44C12400F3FE9E /* AdPopupView.xib in Resources */,
				875349672C561B91009E6E65 /* AdLimitView.xib in Resources */,
			);
			runOnlyForDeploymentPostprocessing = 0;
		};
/* End PBXResourcesBuildPhase section */

/* Begin PBXShellScriptBuildPhase section */
		4D6CB340D7171B2B5A6873BF /* [CP] Embed Pods Frameworks */ = {
			isa = PBXShellScriptBuildPhase;
			buildActionMask = 2147483647;
			files = (
			);
			inputFileListPaths = (
				"${PODS_ROOT}/Target Support Files/Pods-Image Picker/Pods-Image Picker-frameworks-${CONFIGURATION}-input-files.xcfilelist",
			);
			name = "[CP] Embed Pods Frameworks";
			outputFileListPaths = (
				"${PODS_ROOT}/Target Support Files/Pods-Image Picker/Pods-Image Picker-frameworks-${CONFIGURATION}-output-files.xcfilelist",
			);
			runOnlyForDeploymentPostprocessing = 0;
			shellPath = /bin/sh;
			shellScript = "\"${PODS_ROOT}/Target Support Files/Pods-Image Picker/Pods-Image Picker-frameworks.sh\"\n";
			showEnvVarsInLog = 0;
		};
		75B0CD924A9F8DAC075001C0 /* [CP] Check Pods Manifest.lock */ = {
			isa = PBXShellScriptBuildPhase;
			buildActionMask = 2147483647;
			files = (
			);
			inputFileListPaths = (
			);
			inputPaths = (
				"${PODS_PODFILE_DIR_PATH}/Podfile.lock",
				"${PODS_ROOT}/Manifest.lock",
			);
			name = "[CP] Check Pods Manifest.lock";
			outputFileListPaths = (
			);
			outputPaths = (
				"$(DERIVED_FILE_DIR)/Pods-Image Picker-checkManifestLockResult.txt",
			);
			runOnlyForDeploymentPostprocessing = 0;
			shellPath = /bin/sh;
			shellScript = "diff \"${PODS_PODFILE_DIR_PATH}/Podfile.lock\" \"${PODS_ROOT}/Manifest.lock\" > /dev/null\nif [ $? != 0 ] ; then\n    # print error to STDERR\n    echo \"error: The sandbox is not in sync with the Podfile.lock. Run 'pod install' or update your CocoaPods installation.\" >&2\n    exit 1\nfi\n# This output is used by Xcode 'outputs' to avoid re-running this script phase.\necho \"SUCCESS\" > \"${SCRIPT_OUTPUT_FILE_0}\"\n";
			showEnvVarsInLog = 0;
		};
/* End PBXShellScriptBuildPhase section */

/* Begin PBXSourcesBuildPhase section */
		876FE2E12BF9FC5C006AFFC7 /* Sources */ = {
			isa = PBXSourcesBuildPhase;
			buildActionMask = 2147483647;
			files = (
				8769E0AC2C44C1C300F3FE9E /* AdPopupView.swift in Sources */,
				876C91FB2C35111A003A360C /* ExpandViewControllerV2.swift in Sources */,
				876FE2ED2BF9FC5C006AFFC7 /* PickerViewController.swift in Sources */,
				876FE30F2BFB5017006AFFC7 /* DataManager.swift in Sources */,
				876FE3092BFB2B19006AFFC7 /* NSLayoutConstraint+Extensions.swift in Sources */,
				876FE2E92BF9FC5C006AFFC7 /* AppDelegate.swift in Sources */,
				876FE2FF2BFA16D3006AFFC7 /* APIManager.swift in Sources */,
				876548092C0DE89D007676BB /* ADLimitViewController.swift in Sources */,
				875349692C561BA1009E6E65 /* AdLimitView.swift in Sources */,
				877934572C08806800FE0073 /* EditViewController.swift in Sources */,
				876FE30B2BFB2B42006AFFC7 /* UIViewController+Extensions.swift in Sources */,
				876B90662BFCA6C5000679BF /* ProgessViewController.swift in Sources */,
				87597C582C3D0F1400ADB059 /* UIView+Extensions.swift in Sources */,
				877D96E42C3BD77B004239ED /* DocumentDirectory.swift in Sources */,
				876548072C0DDC31007676BB /* ADManager.swift in Sources */,
				8733AD5A2C11D02D00635F2F /* PurchaseManager.swift in Sources */,
				876B90642BFC8293000679BF /* AppCell.swift in Sources */,
				8760BDC32C74A7DD007A0177 /* AppManager.swift in Sources */,
				876FE3072BFB2A83006AFFC7 /* UIImage+Extensions.swift in Sources */,
				876C92012C351D4B003A360C /* DownloadCellV2.swift in Sources */,
				876FE3202BFB7930006AFFC7 /* DataModels.swift in Sources */,
				876548052C0DA047007676BB /* Constants.swift in Sources */,
				8744EE6E2C3E507B00D5B1C7 /* CropOverlayView.swift in Sources */,
				877934592C08885100FE0073 /* ADViewController.swift in Sources */,
				8753D89B2C5F6DD9002F557A /* CGPoint+Extensions.swift in Sources */,
				877934552C084EB800FE0073 /* Enums.swift in Sources */,
				8733AD5C2C11D32C00635F2F /* DownloadViewControllerV2.swift in Sources */,
				874BC57B2C3A632F00AC8192 /* AspectCellV2.swift in Sources */,
				876FE2EB2BF9FC5C006AFFC7 /* SceneDelegate.swift in Sources */,
				8779345B2C0C531F00FE0073 /* PurchaseViewController.swift in Sources */,
			);
			runOnlyForDeploymentPostprocessing = 0;
		};
/* End PBXSourcesBuildPhase section */

/* Begin PBXVariantGroup section */
		876FE2EE2BF9FC5C006AFFC7 /* AiExpandV2.storyboard */ = {
			isa = PBXVariantGroup;
			children = (
				876FE2EF2BF9FC5C006AFFC7 /* Base */,
			);
			name = AiExpandV2.storyboard;
			sourceTree = "<group>";
		};
		876FE2F32BF9FC5D006AFFC7 /* LaunchScreen.storyboard */ = {
			isa = PBXVariantGroup;
			children = (
				876FE2F42BF9FC5D006AFFC7 /* Base */,
			);
			name = LaunchScreen.storyboard;
			sourceTree = "<group>";
		};
/* End PBXVariantGroup section */

/* Begin XCBuildConfiguration section */
		876FE2F72BF9FC5D006AFFC7 /* Debug */ = {
			isa = XCBuildConfiguration;
			buildSettings = {
				ALWAYS_SEARCH_USER_PATHS = NO;
				ASSETCATALOG_COMPILER_GENERATE_SWIFT_ASSET_SYMBOL_EXTENSIONS = YES;
				CLANG_ANALYZER_NONNULL = YES;
				CLANG_ANALYZER_NUMBER_OBJECT_CONVERSION = YES_AGGRESSIVE;
				CLANG_CXX_LANGUAGE_STANDARD = "gnu++20";
				CLANG_ENABLE_MODULES = YES;
				CLANG_ENABLE_OBJC_ARC = YES;
				CLANG_ENABLE_OBJC_WEAK = YES;
				CLANG_WARN_BLOCK_CAPTURE_AUTORELEASING = YES;
				CLANG_WARN_BOOL_CONVERSION = YES;
				CLANG_WARN_COMMA = YES;
				CLANG_WARN_CONSTANT_CONVERSION = YES;
				CLANG_WARN_DEPRECATED_OBJC_IMPLEMENTATIONS = YES;
				CLANG_WARN_DIRECT_OBJC_ISA_USAGE = YES_ERROR;
				CLANG_WARN_DOCUMENTATION_COMMENTS = YES;
				CLANG_WARN_EMPTY_BODY = YES;
				CLANG_WARN_ENUM_CONVERSION = YES;
				CLANG_WARN_INFINITE_RECURSION = YES;
				CLANG_WARN_INT_CONVERSION = YES;
				CLANG_WARN_NON_LITERAL_NULL_CONVERSION = YES;
				CLANG_WARN_OBJC_IMPLICIT_RETAIN_SELF = YES;
				CLANG_WARN_OBJC_LITERAL_CONVERSION = YES;
				CLANG_WARN_OBJC_ROOT_CLASS = YES_ERROR;
				CLANG_WARN_QUOTED_INCLUDE_IN_FRAMEWORK_HEADER = YES;
				CLANG_WARN_RANGE_LOOP_ANALYSIS = YES;
				CLANG_WARN_STRICT_PROTOTYPES = YES;
				CLANG_WARN_SUSPICIOUS_MOVE = YES;
				CLANG_WARN_UNGUARDED_AVAILABILITY = YES_AGGRESSIVE;
				CLANG_WARN_UNREACHABLE_CODE = YES;
				CLANG_WARN__DUPLICATE_METHOD_MATCH = YES;
				COPY_PHASE_STRIP = NO;
				DEBUG_INFORMATION_FORMAT = dwarf;
				ENABLE_STRICT_OBJC_MSGSEND = YES;
				ENABLE_TESTABILITY = YES;
				ENABLE_USER_SCRIPT_SANDBOXING = NO;
				GCC_C_LANGUAGE_STANDARD = gnu17;
				GCC_DYNAMIC_NO_PIC = NO;
				GCC_NO_COMMON_BLOCKS = YES;
				GCC_OPTIMIZATION_LEVEL = 0;
				GCC_PREPROCESSOR_DEFINITIONS = (
					"DEBUG=1",
					"$(inherited)",
				);
				GCC_WARN_64_TO_32_BIT_CONVERSION = YES;
				GCC_WARN_ABOUT_RETURN_TYPE = YES_ERROR;
				GCC_WARN_UNDECLARED_SELECTOR = YES;
				GCC_WARN_UNINITIALIZED_AUTOS = YES_AGGRESSIVE;
				GCC_WARN_UNUSED_FUNCTION = YES;
				GCC_WARN_UNUSED_VARIABLE = YES;
				IPHONEOS_DEPLOYMENT_TARGET = 17.4;
				LOCALIZATION_PREFERS_STRING_CATALOGS = YES;
				MTL_ENABLE_DEBUG_INFO = INCLUDE_SOURCE;
				MTL_FAST_MATH = YES;
				ONLY_ACTIVE_ARCH = YES;
				SDKROOT = iphoneos;
				SWIFT_ACTIVE_COMPILATION_CONDITIONS = "DEBUG $(inherited)";
				SWIFT_OPTIMIZATION_LEVEL = "-Onone";
			};
			name = Debug;
		};
		876FE2F82BF9FC5D006AFFC7 /* Release */ = {
			isa = XCBuildConfiguration;
			buildSettings = {
				ALWAYS_SEARCH_USER_PATHS = NO;
				ASSETCATALOG_COMPILER_GENERATE_SWIFT_ASSET_SYMBOL_EXTENSIONS = YES;
				CLANG_ANALYZER_NONNULL = YES;
				CLANG_ANALYZER_NUMBER_OBJECT_CONVERSION = YES_AGGRESSIVE;
				CLANG_CXX_LANGUAGE_STANDARD = "gnu++20";
				CLANG_ENABLE_MODULES = YES;
				CLANG_ENABLE_OBJC_ARC = YES;
				CLANG_ENABLE_OBJC_WEAK = YES;
				CLANG_WARN_BLOCK_CAPTURE_AUTORELEASING = YES;
				CLANG_WARN_BOOL_CONVERSION = YES;
				CLANG_WARN_COMMA = YES;
				CLANG_WARN_CONSTANT_CONVERSION = YES;
				CLANG_WARN_DEPRECATED_OBJC_IMPLEMENTATIONS = YES;
				CLANG_WARN_DIRECT_OBJC_ISA_USAGE = YES_ERROR;
				CLANG_WARN_DOCUMENTATION_COMMENTS = YES;
				CLANG_WARN_EMPTY_BODY = YES;
				CLANG_WARN_ENUM_CONVERSION = YES;
				CLANG_WARN_INFINITE_RECURSION = YES;
				CLANG_WARN_INT_CONVERSION = YES;
				CLANG_WARN_NON_LITERAL_NULL_CONVERSION = YES;
				CLANG_WARN_OBJC_IMPLICIT_RETAIN_SELF = YES;
				CLANG_WARN_OBJC_LITERAL_CONVERSION = YES;
				CLANG_WARN_OBJC_ROOT_CLASS = YES_ERROR;
				CLANG_WARN_QUOTED_INCLUDE_IN_FRAMEWORK_HEADER = YES;
				CLANG_WARN_RANGE_LOOP_ANALYSIS = YES;
				CLANG_WARN_STRICT_PROTOTYPES = YES;
				CLANG_WARN_SUSPICIOUS_MOVE = YES;
				CLANG_WARN_UNGUARDED_AVAILABILITY = YES_AGGRESSIVE;
				CLANG_WARN_UNREACHABLE_CODE = YES;
				CLANG_WARN__DUPLICATE_METHOD_MATCH = YES;
				COPY_PHASE_STRIP = NO;
				DEBUG_INFORMATION_FORMAT = "dwarf-with-dsym";
				ENABLE_NS_ASSERTIONS = NO;
				ENABLE_STRICT_OBJC_MSGSEND = YES;
				ENABLE_USER_SCRIPT_SANDBOXING = NO;
				GCC_C_LANGUAGE_STANDARD = gnu17;
				GCC_NO_COMMON_BLOCKS = YES;
				GCC_WARN_64_TO_32_BIT_CONVERSION = YES;
				GCC_WARN_ABOUT_RETURN_TYPE = YES_ERROR;
				GCC_WARN_UNDECLARED_SELECTOR = YES;
				GCC_WARN_UNINITIALIZED_AUTOS = YES_AGGRESSIVE;
				GCC_WARN_UNUSED_FUNCTION = YES;
				GCC_WARN_UNUSED_VARIABLE = YES;
				IPHONEOS_DEPLOYMENT_TARGET = 17.4;
				LOCALIZATION_PREFERS_STRING_CATALOGS = YES;
				MTL_ENABLE_DEBUG_INFO = NO;
				MTL_FAST_MATH = YES;
				SDKROOT = iphoneos;
				SWIFT_COMPILATION_MODE = wholemodule;
				VALIDATE_PRODUCT = YES;
			};
			name = Release;
		};
		876FE2FA2BF9FC5D006AFFC7 /* Debug */ = {
			isa = XCBuildConfiguration;
			baseConfigurationReference = A98648231F151EB73ACD9ED9 /* Pods-Image Picker.debug.xcconfig */;
			buildSettings = {
				ASSETCATALOG_COMPILER_APPICON_NAME = AppIcon;
				ASSETCATALOG_COMPILER_GLOBAL_ACCENT_COLOR_NAME = AccentColor;
				CODE_SIGN_STYLE = Automatic;
				CURRENT_PROJECT_VERSION = 2;
				DEVELOPMENT_TEAM = U8DK4S4CV4;
				GENERATE_INFOPLIST_FILE = YES;
				INFOPLIST_FILE = "Image Picker/Info.plist";
				INFOPLIST_KEY_NSPhotoLibraryUsageDescription = "we will use photos.";
				INFOPLIST_KEY_UIApplicationSupportsIndirectInputEvents = YES;
				INFOPLIST_KEY_UILaunchStoryboardName = LaunchScreen;
				INFOPLIST_KEY_UIMainStoryboardFile = AiExpandV2;
				INFOPLIST_KEY_UISupportedInterfaceOrientations_iPad = "UIInterfaceOrientationPortrait UIInterfaceOrientationPortraitUpsideDown UIInterfaceOrientationLandscapeLeft UIInterfaceOrientationLandscapeRight";
				INFOPLIST_KEY_UISupportedInterfaceOrientations_iPhone = "UIInterfaceOrientationPortrait UIInterfaceOrientationLandscapeLeft UIInterfaceOrientationLandscapeRight";
				INFOPLIST_KEY_UISupportsDocumentBrowser = YES;
				INFOPLIST_KEY_UIUserInterfaceStyle = Dark;
				IPHONEOS_DEPLOYMENT_TARGET = 14.0;
				LD_RUNPATH_SEARCH_PATHS = (
					"$(inherited)",
					"@executable_path/Frameworks",
				);
				MARKETING_VERSION = 1.0;
				PRODUCT_BUNDLE_IDENTIFIER = "com.braincraft.Image-Picker";
				PRODUCT_NAME = "$(TARGET_NAME)";
				SWIFT_EMIT_LOC_STRINGS = YES;
				SWIFT_VERSION = 5.0;
				TARGETED_DEVICE_FAMILY = "1,2";
			};
			name = Debug;
		};
		876FE2FB2BF9FC5D006AFFC7 /* Release */ = {
			isa = XCBuildConfiguration;
			baseConfigurationReference = 2836736648C2115CB9952012 /* Pods-Image Picker.release.xcconfig */;
			buildSettings = {
				ASSETCATALOG_COMPILER_APPICON_NAME = AppIcon;
				ASSETCATALOG_COMPILER_GLOBAL_ACCENT_COLOR_NAME = AccentColor;
				CODE_SIGN_STYLE = Automatic;
				CURRENT_PROJECT_VERSION = 2;
				DEVELOPMENT_TEAM = U8DK4S4CV4;
				GENERATE_INFOPLIST_FILE = YES;
				INFOPLIST_FILE = "Image Picker/Info.plist";
				INFOPLIST_KEY_NSPhotoLibraryUsageDescription = "we will use photos.";
				INFOPLIST_KEY_UIApplicationSupportsIndirectInputEvents = YES;
				INFOPLIST_KEY_UILaunchStoryboardName = LaunchScreen;
				INFOPLIST_KEY_UIMainStoryboardFile = AiExpandV2;
				INFOPLIST_KEY_UISupportedInterfaceOrientations_iPad = "UIInterfaceOrientationPortrait UIInterfaceOrientationPortraitUpsideDown UIInterfaceOrientationLandscapeLeft UIInterfaceOrientationLandscapeRight";
				INFOPLIST_KEY_UISupportedInterfaceOrientations_iPhone = "UIInterfaceOrientationPortrait UIInterfaceOrientationLandscapeLeft UIInterfaceOrientationLandscapeRight";
				INFOPLIST_KEY_UISupportsDocumentBrowser = YES;
				INFOPLIST_KEY_UIUserInterfaceStyle = Dark;
				IPHONEOS_DEPLOYMENT_TARGET = 14.0;
				LD_RUNPATH_SEARCH_PATHS = (
					"$(inherited)",
					"@executable_path/Frameworks",
				);
				MARKETING_VERSION = 1.0;
				PRODUCT_BUNDLE_IDENTIFIER = "com.braincraft.Image-Picker";
				PRODUCT_NAME = "$(TARGET_NAME)";
				SWIFT_EMIT_LOC_STRINGS = YES;
				SWIFT_VERSION = 5.0;
				TARGETED_DEVICE_FAMILY = "1,2";
			};
			name = Release;
		};
/* End XCBuildConfiguration section */

/* Begin XCConfigurationList section */
		876FE2E02BF9FC5C006AFFC7 /* Build configuration list for PBXProject "Image Picker" */ = {
			isa = XCConfigurationList;
			buildConfigurations = (
				876FE2F72BF9FC5D006AFFC7 /* Debug */,
				876FE2F82BF9FC5D006AFFC7 /* Release */,
			);
			defaultConfigurationIsVisible = 0;
			defaultConfigurationName = Release;
		};
		876FE2F92BF9FC5D006AFFC7 /* Build configuration list for PBXNativeTarget "Image Picker" */ = {
			isa = XCConfigurationList;
			buildConfigurations = (
				876FE2FA2BF9FC5D006AFFC7 /* Debug */,
				876FE2FB2BF9FC5D006AFFC7 /* Release */,
			);
			defaultConfigurationIsVisible = 0;
			defaultConfigurationName = Release;
		};
/* End XCConfigurationList section */
	};
	rootObject = 876FE2DD2BF9FC5C006AFFC7 /* Project object */;
}
